
Microsoft Visual Studio Solution File, Format Version 12.00
# Visual Studio Version 17
VisualStudioVersion = 17.13.35919.96 d17.13
MinimumVisualStudioVersion = 10.0.40219.1
Project("{FAE04EC0-301F-11D3-BF4B-00C04F79EFBC}") = "tp-API-equipo-5B", "tp-API-equipo-5B\tp-API-equipo-5B.csproj", "{77FCD59B-5E53-4F9C-8739-EEA5533E35EA}"
EndProject
Project("{FAE04EC0-301F-11D3-BF4B-00C04F79EFBC}") = "Dominio", "Dominio\Dominio.csproj", "{30B6218C-7CC4-471B-97EE-2E46476FCF3F}"
EndProject
Project("{FAE04EC0-301F-11D3-BF4B-00C04F79EFBC}") = "AccesoDatos", "AccesoDatos\AccesoDatos.csproj", "{D8040245-BCB9-4143-AD3F-355F82078FB3}"
EndProject
Project("{FAE04EC0-301F-11D3-BF4B-00C04F79EFBC}") = "Negocio", "Negocio\Negocio.csproj", "{CD41D736-888F-47AF-B741-80C2FFE82049}"
EndProject
Global
	GlobalSection(SolutionConfigurationPlatforms) = preSolution
		Debug|Any CPU = Debug|Any CPU
		Release|Any CPU = Release|Any CPU
	EndGlobalSection
	GlobalSection(ProjectConfigurationPlatforms) = postSolution
		{77FCD59B-5E53-4F9C-8739-EEA5533E35EA}.Debug|Any CPU.ActiveCfg = Debug|Any CPU
		{77FCD59B-5E53-4F9C-8739-EEA5533E35EA}.Debug|Any CPU.Build.0 = Debug|Any CPU
		{77FCD59B-5E53-4F9C-8739-EEA5533E35EA}.Release|Any CPU.ActiveCfg = Release|Any CPU
		{77FCD59B-5E53-4F9C-8739-EEA5533E35EA}.Release|Any CPU.Build.0 = Release|Any CPU
		{30B6218C-7CC4-471B-97EE-2E46476FCF3F}.Debug|Any CPU.ActiveCfg = Debug|Any CPU
		{30B6218C-7CC4-471B-97EE-2E46476FCF3F}.Debug|Any CPU.Build.0 = Debug|Any CPU
		{30B6218C-7CC4-471B-97EE-2E46476FCF3F}.Release|Any CPU.ActiveCfg = Release|Any CPU
		{30B6218C-7CC4-471B-97EE-2E46476FCF3F}.Release|Any CPU.Build.0 = Release|Any CPU
		{D8040245-BCB9-4143-AD3F-355F82078FB3}.Debug|Any CPU.ActiveCfg = Debug|Any CPU
		{D8040245-BCB9-4143-AD3F-355F82078FB3}.Debug|Any CPU.Build.0 = Debug|Any CPU
		{D8040245-BCB9-4143-AD3F-355F82078FB3}.Release|Any CPU.ActiveCfg = Release|Any CPU
		{D8040245-BCB9-4143-AD3F-355F82078FB3}.Release|Any CPU.Build.0 = Release|Any CPU
		{CD41D736-888F-47AF-B741-80C2FFE82049}.Debug|Any CPU.ActiveCfg = Debug|Any CPU
		{CD41D736-888F-47AF-B741-80C2FFE82049}.Debug|Any CPU.Build.0 = Debug|Any CPU
		{CD41D736-888F-47AF-B741-80C2FFE82049}.Release|Any CPU.ActiveCfg = Release|Any CPU
		{CD41D736-888F-47AF-B741-80C2FFE82049}.Release|Any CPU.Build.0 = Release|Any CPU
	EndGlobalSection
	GlobalSection(SolutionProperties) = preSolution
		HideSolutionNode = FALSE
	EndGlobalSection
	GlobalSection(ExtensibilityGlobals) = postSolution
		SolutionGuid = {162AAA8D-5FA9-43A0-BAF5-60BBAAE463C1}
	EndGlobalSection
EndGlobal
